
Microsoft Visual Studio Solution File, Format Version 12.00
# Visual Studio Version 16
VisualStudioVersion = 16.0.30204.135
MinimumVisualStudioVersion = 10.0.40219.1
Project("{FAE04EC0-301F-11D3-BF4B-00C04F79EFBC}") = "sample_3_11", "sample_3_11\sample_3_11.csproj", "{1B666116-9C04-4C94-907E-BFFB66238297}"
EndProject
Global
	GlobalSection(SolutionConfigurationPlatforms) = preSolution
		Debug|Any CPU = Debug|Any CPU
		Release|Any CPU = Release|Any CPU
	EndGlobalSection
	GlobalSection(ProjectConfigurationPlatforms) = postSolution
		{1B666116-9C04-4C94-907E-BFFB66238297}.Debug|Any CPU.ActiveCfg = Debug|Any CPU
		{1B666116-9C04-4C94-907E-BFFB66238297}.Debug|Any CPU.Build.0 = Debug|Any CPU
		{1B666116-9C04-4C94-907E-BFFB66238297}.Release|Any CPU.ActiveCfg = Release|Any CPU
		{1B666116-9C04-4C94-907E-BFFB66238297}.Release|Any CPU.Build.0 = Release|Any CPU
	EndGlobalSection
	GlobalSection(SolutionProperties) = preSolution
		HideSolutionNode = FALSE
	EndGlobalSection
	GlobalSection(ExtensibilityGlobals) = postSolution
		SolutionGuid = {4442D802-D906-4F4D-A8AF-AA74EAA270EB}
	EndGlobalSection
EndGlobal
